
Microsoft Visual Studio Solution File, Format Version 12.00
# Visual Studio Version 17
VisualStudioVersion = 17.14.36915.13 d17.14
MinimumVisualStudioVersion = 10.0.40219.1
Project("{FAE04EC0-301F-11D3-BF4B-00C04F79EFBC}") = "Review_Q2", "Review_Q2\Review_Q2.csproj", "{C1D4CAB6-5DDA-4291-85B3-A3F8E8C8795D}"
EndProject
Global
	GlobalSection(SolutionConfigurationPlatforms) = preSolution
		Debug|Any CPU = Debug|Any CPU
		Release|Any CPU = Release|Any CPU
	EndGlobalSection
	GlobalSection(ProjectConfigurationPlatforms) = postSolution
		{C1D4CAB6-5DDA-4291-85B3-A3F8E8C8795D}.Debug|Any CPU.ActiveCfg = Debug|Any CPU
		{C1D4CAB6-5DDA-4291-85B3-A3F8E8C8795D}.Debug|Any CPU.Build.0 = Debug|Any CPU
		{C1D4CAB6-5DDA-4291-85B3-A3F8E8C8795D}.Release|Any CPU.ActiveCfg = Release|Any CPU
		{C1D4CAB6-5DDA-4291-85B3-A3F8E8C8795D}.Release|Any CPU.Build.0 = Release|Any CPU
	EndGlobalSection
	GlobalSection(SolutionProperties) = preSolution
		HideSolutionNode = FALSE
	EndGlobalSection
	GlobalSection(ExtensibilityGlobals) = postSolution
		SolutionGuid = {A4ABF742-5525-4586-A735-BC2B17DEB9EC}
	EndGlobalSection
EndGlobal
