
Microsoft Visual Studio Solution File, Format Version 12.00
# Visual Studio Version 17
VisualStudioVersion = 17.14.36915.13 d17.14
MinimumVisualStudioVersion = 10.0.40219.1
Project("{FAE04EC0-301F-11D3-BF4B-00C04F79EFBC}") = "WindowsFormsApp1", "WindowsFormsApp1\WindowsFormsApp1.csproj", "{008C0B7E-9481-4845-AB9B-B7EAEBD3E9F6}"
EndProject
Global
	GlobalSection(SolutionConfigurationPlatforms) = preSolution
		Debug|Any CPU = Debug|Any CPU
		Release|Any CPU = Release|Any CPU
	EndGlobalSection
	GlobalSection(ProjectConfigurationPlatforms) = postSolution
		{008C0B7E-9481-4845-AB9B-B7EAEBD3E9F6}.Debug|Any CPU.ActiveCfg = Debug|Any CPU
		{008C0B7E-9481-4845-AB9B-B7EAEBD3E9F6}.Debug|Any CPU.Build.0 = Debug|Any CPU
		{008C0B7E-9481-4845-AB9B-B7EAEBD3E9F6}.Release|Any CPU.ActiveCfg = Release|Any CPU
		{008C0B7E-9481-4845-AB9B-B7EAEBD3E9F6}.Release|Any CPU.Build.0 = Release|Any CPU
	EndGlobalSection
	GlobalSection(SolutionProperties) = preSolution
		HideSolutionNode = FALSE
	EndGlobalSection
	GlobalSection(ExtensibilityGlobals) = postSolution
		SolutionGuid = {8673C9D2-BB03-44FA-A5B2-3E4B5272BD5C}
	EndGlobalSection
EndGlobal
