
Microsoft Visual Studio Solution File, Format Version 12.00
# Visual Studio Version 17
VisualStudioVersion = 17.14.36915.13 d17.14
MinimumVisualStudioVersion = 10.0.40219.1
Project("{FAE04EC0-301F-11D3-BF4B-00C04F79EFBC}") = "員工資料管理系統", "員工資料管理系統\員工資料管理系統.csproj", "{1C4B8316-30F8-4ACC-9FF0-A7F793189EC5}"
EndProject
Global
	GlobalSection(SolutionConfigurationPlatforms) = preSolution
		Debug|Any CPU = Debug|Any CPU
		Release|Any CPU = Release|Any CPU
	EndGlobalSection
	GlobalSection(ProjectConfigurationPlatforms) = postSolution
		{1C4B8316-30F8-4ACC-9FF0-A7F793189EC5}.Debug|Any CPU.ActiveCfg = Debug|Any CPU
		{1C4B8316-30F8-4ACC-9FF0-A7F793189EC5}.Debug|Any CPU.Build.0 = Debug|Any CPU
		{1C4B8316-30F8-4ACC-9FF0-A7F793189EC5}.Release|Any CPU.ActiveCfg = Release|Any CPU
		{1C4B8316-30F8-4ACC-9FF0-A7F793189EC5}.Release|Any CPU.Build.0 = Release|Any CPU
	EndGlobalSection
	GlobalSection(SolutionProperties) = preSolution
		HideSolutionNode = FALSE
	EndGlobalSection
	GlobalSection(ExtensibilityGlobals) = postSolution
		SolutionGuid = {95CA14AA-5CF6-42F9-AD2A-9AD72B312D49}
	EndGlobalSection
EndGlobal
