
Microsoft Visual Studio Solution File, Format Version 12.00
# Visual Studio Version 17
VisualStudioVersion = 17.14.36915.13 d17.14
MinimumVisualStudioVersion = 10.0.40219.1
Project("{FAE04EC0-301F-11D3-BF4B-00C04F79EFBC}") = "WindowsFormsApp1", "WindowsFormsApp1\WindowsFormsApp1.csproj", "{98C84719-D2C2-4A23-AA35-FCA8E1E1F686}"
EndProject
Global
	GlobalSection(SolutionConfigurationPlatforms) = preSolution
		Debug|Any CPU = Debug|Any CPU
		Release|Any CPU = Release|Any CPU
	EndGlobalSection
	GlobalSection(ProjectConfigurationPlatforms) = postSolution
		{98C84719-D2C2-4A23-AA35-FCA8E1E1F686}.Debug|Any CPU.ActiveCfg = Debug|Any CPU
		{98C84719-D2C2-4A23-AA35-FCA8E1E1F686}.Debug|Any CPU.Build.0 = Debug|Any CPU
		{98C84719-D2C2-4A23-AA35-FCA8E1E1F686}.Release|Any CPU.ActiveCfg = Release|Any CPU
		{98C84719-D2C2-4A23-AA35-FCA8E1E1F686}.Release|Any CPU.Build.0 = Release|Any CPU
	EndGlobalSection
	GlobalSection(SolutionProperties) = preSolution
		HideSolutionNode = FALSE
	EndGlobalSection
	GlobalSection(ExtensibilityGlobals) = postSolution
		SolutionGuid = {681F7105-9DEE-4A01-8170-36191CBAA22D}
	EndGlobalSection
EndGlobal
